
Microsoft Visual Studio Solution File, Format Version 12.00
# Visual Studio Version 17
VisualStudioVersion = 17.9.34616.47
MinimumVisualStudioVersion = 10.0.40219.1
Project("{FAE04EC0-301F-11D3-BF4B-00C04F79EFBC}") = "DZ_09_02_24", "BazaDz\DZ_09_02_24.csproj", "{0244A34F-B285-4D84-99B5-ED49107FAFE4}"
EndProject
Project("{FAE04EC0-301F-11D3-BF4B-00C04F79EFBC}") = "DZ_16_02_24", "DZ_16_02_24\DZ_16_02_24.csproj", "{0E0DFFE2-5F48-4104-A4E1-CA858E08619D}"
EndProject
Global
	GlobalSection(SolutionConfigurationPlatforms) = preSolution
		Debug|Any CPU = Debug|Any CPU
		Release|Any CPU = Release|Any CPU
	EndGlobalSection
	GlobalSection(ProjectConfigurationPlatforms) = postSolution
		{0244A34F-B285-4D84-99B5-ED49107FAFE4}.Debug|Any CPU.ActiveCfg = Debug|Any CPU
		{0244A34F-B285-4D84-99B5-ED49107FAFE4}.Debug|Any CPU.Build.0 = Debug|Any CPU
		{0244A34F-B285-4D84-99B5-ED49107FAFE4}.Release|Any CPU.ActiveCfg = Release|Any CPU
		{0244A34F-B285-4D84-99B5-ED49107FAFE4}.Release|Any CPU.Build.0 = Release|Any CPU
		{0E0DFFE2-5F48-4104-A4E1-CA858E08619D}.Debug|Any CPU.ActiveCfg = Debug|Any CPU
		{0E0DFFE2-5F48-4104-A4E1-CA858E08619D}.Debug|Any CPU.Build.0 = Debug|Any CPU
		{0E0DFFE2-5F48-4104-A4E1-CA858E08619D}.Release|Any CPU.ActiveCfg = Release|Any CPU
		{0E0DFFE2-5F48-4104-A4E1-CA858E08619D}.Release|Any CPU.Build.0 = Release|Any CPU
	EndGlobalSection
	GlobalSection(SolutionProperties) = preSolution
		HideSolutionNode = FALSE
	EndGlobalSection
	GlobalSection(ExtensibilityGlobals) = postSolution
		SolutionGuid = {CFA49ADA-85EC-49E8-872D-DB77C17226B6}
	EndGlobalSection
EndGlobal
